
Microsoft Visual Studio Solution File, Format Version 12.00
# Visual Studio 14
VisualStudioVersion = 14.0.25420.1
MinimumVisualStudioVersion = 10.0.40219.1
Project("{FAE04EC0-301F-11D3-BF4B-00C04F79EFBC}") = "EasyCode", "EasyCode\EasyCode.csproj", "{0EE252BB-38EF-4D8A-8406-5D53FDD6F8CF}"
EndProject
Project("{FAE04EC0-301F-11D3-BF4B-00C04F79EFBC}") = "EasyCodeTest", "EasyCodeTest\EasyCodeTest.csproj", "{832C496A-FF59-4E07-9525-5CAB3671D99C}"
EndProject
Global
	GlobalSection(SolutionConfigurationPlatforms) = preSolution
		Debug|Any CPU = Debug|Any CPU
		Release|Any CPU = Release|Any CPU
	EndGlobalSection
	GlobalSection(ProjectConfigurationPlatforms) = postSolution
		{0EE252BB-38EF-4D8A-8406-5D53FDD6F8CF}.Debug|Any CPU.ActiveCfg = Debug|Any CPU
		{0EE252BB-38EF-4D8A-8406-5D53FDD6F8CF}.Debug|Any CPU.Build.0 = Debug|Any CPU
		{0EE252BB-38EF-4D8A-8406-5D53FDD6F8CF}.Release|Any CPU.ActiveCfg = Release|Any CPU
		{0EE252BB-38EF-4D8A-8406-5D53FDD6F8CF}.Release|Any CPU.Build.0 = Release|Any CPU
		{832C496A-FF59-4E07-9525-5CAB3671D99C}.Debug|Any CPU.ActiveCfg = Debug|Any CPU
		{832C496A-FF59-4E07-9525-5CAB3671D99C}.Debug|Any CPU.Build.0 = Debug|Any CPU
		{832C496A-FF59-4E07-9525-5CAB3671D99C}.Release|Any CPU.ActiveCfg = Release|Any CPU
		{832C496A-FF59-4E07-9525-5CAB3671D99C}.Release|Any CPU.Build.0 = Release|Any CPU
	EndGlobalSection
	GlobalSection(SolutionProperties) = preSolution
		HideSolutionNode = FALSE
	EndGlobalSection
EndGlobal
